
Microsoft Visual Studio Solution File, Format Version 12.00
# Visual Studio Version 17
VisualStudioVersion = 17.11.35312.102
MinimumVisualStudioVersion = 10.0.40219.1
Project("{FAE04EC0-301F-11D3-BF4B-00C04F79EFBC}") = "Operaattorit", "Operaattorit\Operaattorit.csproj", "{6B8DD111-1C2E-49AE-9741-A9CB611B83EF}"
EndProject
Global
	GlobalSection(SolutionConfigurationPlatforms) = preSolution
		Debug|Any CPU = Debug|Any CPU
		Release|Any CPU = Release|Any CPU
	EndGlobalSection
	GlobalSection(ProjectConfigurationPlatforms) = postSolution
		{6B8DD111-1C2E-49AE-9741-A9CB611B83EF}.Debug|Any CPU.ActiveCfg = Debug|Any CPU
		{6B8DD111-1C2E-49AE-9741-A9CB611B83EF}.Debug|Any CPU.Build.0 = Debug|Any CPU
		{6B8DD111-1C2E-49AE-9741-A9CB611B83EF}.Release|Any CPU.ActiveCfg = Release|Any CPU
		{6B8DD111-1C2E-49AE-9741-A9CB611B83EF}.Release|Any CPU.Build.0 = Release|Any CPU
	EndGlobalSection
	GlobalSection(SolutionProperties) = preSolution
		HideSolutionNode = FALSE
	EndGlobalSection
	GlobalSection(ExtensibilityGlobals) = postSolution
		SolutionGuid = {5F85D051-C98C-49E5-898F-6FF099591AF1}
	EndGlobalSection
EndGlobal
