
Microsoft Visual Studio Solution File, Format Version 12.00
# Visual Studio Version 17
VisualStudioVersion = 17.11.35312.102
MinimumVisualStudioVersion = 10.0.40219.1
Project("{FAE04EC0-301F-11D3-BF4B-00C04F79EFBC}") = "Luku_ja_Kirjoitus", "Luku_ja_Kirjoitus\Luku_ja_Kirjoitus.csproj", "{C23F6A3E-CF84-4FD2-BD32-5FF30A2026CD}"
EndProject
Global
	GlobalSection(SolutionConfigurationPlatforms) = preSolution
		Debug|Any CPU = Debug|Any CPU
		Release|Any CPU = Release|Any CPU
	EndGlobalSection
	GlobalSection(ProjectConfigurationPlatforms) = postSolution
		{C23F6A3E-CF84-4FD2-BD32-5FF30A2026CD}.Debug|Any CPU.ActiveCfg = Debug|Any CPU
		{C23F6A3E-CF84-4FD2-BD32-5FF30A2026CD}.Debug|Any CPU.Build.0 = Debug|Any CPU
		{C23F6A3E-CF84-4FD2-BD32-5FF30A2026CD}.Release|Any CPU.ActiveCfg = Release|Any CPU
		{C23F6A3E-CF84-4FD2-BD32-5FF30A2026CD}.Release|Any CPU.Build.0 = Release|Any CPU
	EndGlobalSection
	GlobalSection(SolutionProperties) = preSolution
		HideSolutionNode = FALSE
	EndGlobalSection
	GlobalSection(ExtensibilityGlobals) = postSolution
		SolutionGuid = {29C12E66-7A3D-4851-837B-18137AD101F5}
	EndGlobalSection
EndGlobal
